// !$*UTF8*$!
{
	archiveVersion = 1;
	classes = {
	};
	objectVersion = 55;
	objects = {

/* Begin PBXBuildFile section */
		4524034E286205BC00582F9C /* ClassCell.swift in Sources */ = {isa = PBXBuildFile; fileRef = 4524034D286205BC00582F9C /* ClassCell.swift */; };
		4589178B286391E400C7096E /* ClassesAddAlunos.storyboard in Resources */ = {isa = PBXBuildFile; fileRef = 4589178A286391E400C7096E /* ClassesAddAlunos.storyboard */; };
		4589178E28648F6100C7096E /* SheetAddExerc.swift in Sources */ = {isa = PBXBuildFile; fileRef = 4589178D28648F6100C7096E /* SheetAddExerc.swift */; };
		4589179028648F7300C7096E /* SheetAddExerc.storyboard in Resources */ = {isa = PBXBuildFile; fileRef = 4589178F28648F7300C7096E /* SheetAddExerc.storyboard */; };
		4591D9BB28635EE600C86355 /* ClassesAddAlunos.swift in Sources */ = {isa = PBXBuildFile; fileRef = 4591D9BA28635EE600C86355 /* ClassesAddAlunos.swift */; };
		4591D9C328637B4A00C86355 /* AlunosCell.swift in Sources */ = {isa = PBXBuildFile; fileRef = 4591D9C228637B4A00C86355 /* AlunosCell.swift */; };
		D66507482864A6C300558235 /* Students+CoreDataClass.swift in Sources */ = {isa = PBXBuildFile; fileRef = D66507462864A6C300558235 /* Students+CoreDataClass.swift */; };
		D66507492864A6C300558235 /* Students+CoreDataProperties.swift in Sources */ = {isa = PBXBuildFile; fileRef = D66507472864A6C300558235 /* Students+CoreDataProperties.swift */; };
		D665074C2864AE0A00558235 /* StudentExerciseCell.swift in Sources */ = {isa = PBXBuildFile; fileRef = D665074A2864AE0A00558235 /* StudentExerciseCell.swift */; };
		D665074D2864AE0A00558235 /* StudentExerciseCell.xib in Resources */ = {isa = PBXBuildFile; fileRef = D665074B2864AE0A00558235 /* StudentExerciseCell.xib */; };
		D665074E2864B64200558235 /* StudentInfo.storyboard in Resources */ = {isa = PBXBuildFile; fileRef = D6B6C6002853912600BEB4A5 /* StudentInfo.storyboard */; };
		D6B6C5C528536ECE00BEB4A5 /* ClassesInitialScreen.storyboard in Resources */ = {isa = PBXBuildFile; fileRef = D6B6C5C428536ECE00BEB4A5 /* ClassesInitialScreen.storyboard */; };
		D6B6C5C728536EF000BEB4A5 /* ClassesInitialScreen.swift in Sources */ = {isa = PBXBuildFile; fileRef = D6B6C5C628536EF000BEB4A5 /* ClassesInitialScreen.swift */; };
		D6B6C5CB285370E500BEB4A5 /* ClassesInfo.swift in Sources */ = {isa = PBXBuildFile; fileRef = D6B6C5CA285370E500BEB4A5 /* ClassesInfo.swift */; };
		D6B6C5CD285370FB00BEB4A5 /* ClassesInfo.storyboard in Resources */ = {isa = PBXBuildFile; fileRef = D6B6C5CC285370FB00BEB4A5 /* ClassesInfo.storyboard */; };
		D6B6C5D2285371C400BEB4A5 /* WorkoutInitialScreen.storyboard in Resources */ = {isa = PBXBuildFile; fileRef = D6B6C5D1285371C400BEB4A5 /* WorkoutInitialScreen.storyboard */; };
		D6B6C5D4285371D500BEB4A5 /* SheetWorkoutAdd.swift in Sources */ = {isa = PBXBuildFile; fileRef = D6B6C5D3285371D500BEB4A5 /* SheetWorkoutAdd.swift */; };
		D6B6C5D62853721100BEB4A5 /* WorkoutInitialScreen.swift in Sources */ = {isa = PBXBuildFile; fileRef = D6B6C5D52853721100BEB4A5 /* WorkoutInitialScreen.swift */; };
		D6B6C5E828538D7C00BEB4A5 /* SheetExercInfo.storyboard in Resources */ = {isa = PBXBuildFile; fileRef = D6B6C5E728538D7C00BEB4A5 /* SheetExercInfo.storyboard */; };
		D6B6C5EA28538D9300BEB4A5 /* SheetExercInfo.swift in Sources */ = {isa = PBXBuildFile; fileRef = D6B6C5E928538D9300BEB4A5 /* SheetExercInfo.swift */; };
		D6B6C5F128538E8F00BEB4A5 /* WorkoutInfo.swift in Sources */ = {isa = PBXBuildFile; fileRef = D6B6C5F028538E8F00BEB4A5 /* WorkoutInfo.swift */; };
		D6B6C5F328538EA000BEB4A5 /* WorkoutInfo.storyboard in Resources */ = {isa = PBXBuildFile; fileRef = D6B6C5F228538EA000BEB4A5 /* WorkoutInfo.storyboard */; };
		D6B6C5F628538EF700BEB4A5 /* ClassesAddScreens.storyboard in Resources */ = {isa = PBXBuildFile; fileRef = D6B6C5F528538EF700BEB4A5 /* ClassesAddScreens.storyboard */; };
		D6B6C5F828538F0900BEB4A5 /* ClassesAddScreens.swift in Sources */ = {isa = PBXBuildFile; fileRef = D6B6C5F728538F0900BEB4A5 /* ClassesAddScreens.swift */; };
		D6B6C6032853913A00BEB4A5 /* StudentInfo.swift in Sources */ = {isa = PBXBuildFile; fileRef = D6B6C6022853913A00BEB4A5 /* StudentInfo.swift */; };
		D6B6C6052853C77100BEB4A5 /* SheetWorkoutAdd.storyboard in Resources */ = {isa = PBXBuildFile; fileRef = D6B6C6042853C77100BEB4A5 /* SheetWorkoutAdd.storyboard */; };
		D6D843CE2863A9C900773907 /* Exercise+CoreDataClass.swift in Sources */ = {isa = PBXBuildFile; fileRef = D6D843C82863A9C900773907 /* Exercise+CoreDataClass.swift */; };
		D6D843CF2863A9C900773907 /* Exercise+CoreDataProperties.swift in Sources */ = {isa = PBXBuildFile; fileRef = D6D843C92863A9C900773907 /* Exercise+CoreDataProperties.swift */; };
		D6D843D02863A9C900773907 /* WorkOut+CoreDataClass.swift in Sources */ = {isa = PBXBuildFile; fileRef = D6D843CA2863A9C900773907 /* WorkOut+CoreDataClass.swift */; };
		D6D843D12863A9C900773907 /* WorkOut+CoreDataProperties.swift in Sources */ = {isa = PBXBuildFile; fileRef = D6D843CB2863A9C900773907 /* WorkOut+CoreDataProperties.swift */; };
		D6D843D22863A9C900773907 /* Class+CoreDataClass.swift in Sources */ = {isa = PBXBuildFile; fileRef = D6D843CC2863A9C900773907 /* Class+CoreDataClass.swift */; };
		D6D843D32863A9C900773907 /* Class+CoreDataProperties.swift in Sources */ = {isa = PBXBuildFile; fileRef = D6D843CD2863A9C900773907 /* Class+CoreDataProperties.swift */; };
		D6E8FD3028635E15003DA5EC /* WorkoutCell.swift in Sources */ = {isa = PBXBuildFile; fileRef = D6E8FD2E28635E15003DA5EC /* WorkoutCell.swift */; };
		D6E8FD3128635E15003DA5EC /* WorkoutCell.xib in Resources */ = {isa = PBXBuildFile; fileRef = D6E8FD2F28635E15003DA5EC /* WorkoutCell.xib */; };
		D6E8FD3428638168003DA5EC /* ExerciseCell.swift in Sources */ = {isa = PBXBuildFile; fileRef = D6E8FD3228638168003DA5EC /* ExerciseCell.swift */; };
		D6E8FD3528638168003DA5EC /* ExerciseCell.xib in Resources */ = {isa = PBXBuildFile; fileRef = D6E8FD3328638168003DA5EC /* ExerciseCell.xib */; };
		ED2111C328430C17001D6CAE /* AppDelegate.swift in Sources */ = {isa = PBXBuildFile; fileRef = ED2111C228430C17001D6CAE /* AppDelegate.swift */; };
		ED2111C528430C17001D6CAE /* SceneDelegate.swift in Sources */ = {isa = PBXBuildFile; fileRef = ED2111C428430C17001D6CAE /* SceneDelegate.swift */; };
		ED2111CA28430C17001D6CAE /* Main.storyboard in Resources */ = {isa = PBXBuildFile; fileRef = ED2111C828430C17001D6CAE /* Main.storyboard */; };
		ED2111CD28430C17001D6CAE /* DataGym.xcdatamodeld in Sources */ = {isa = PBXBuildFile; fileRef = ED2111CB28430C17001D6CAE /* DataGym.xcdatamodeld */; };
		ED2111CF28430C19001D6CAE /* Assets.xcassets in Resources */ = {isa = PBXBuildFile; fileRef = ED2111CE28430C19001D6CAE /* Assets.xcassets */; };
		ED2111D228430C19001D6CAE /* LaunchScreen.storyboard in Resources */ = {isa = PBXBuildFile; fileRef = ED2111D028430C19001D6CAE /* LaunchScreen.storyboard */; };
		ED2111DD28430C1A001D6CAE /* DataGymTests.swift in Sources */ = {isa = PBXBuildFile; fileRef = ED2111DC28430C1A001D6CAE /* DataGymTests.swift */; };
		ED2111E728430C1A001D6CAE /* DataGymUITests.swift in Sources */ = {isa = PBXBuildFile; fileRef = ED2111E628430C1A001D6CAE /* DataGymUITests.swift */; };
		ED2111E928430C1A001D6CAE /* DataGymUITestsLaunchTests.swift in Sources */ = {isa = PBXBuildFile; fileRef = ED2111E828430C1A001D6CAE /* DataGymUITestsLaunchTests.swift */; };
/* End PBXBuildFile section */

/* Begin PBXContainerItemProxy section */
		ED2111D928430C1A001D6CAE /* PBXContainerItemProxy */ = {
			isa = PBXContainerItemProxy;
			containerPortal = ED2111B728430C17001D6CAE /* Project object */;
			proxyType = 1;
			remoteGlobalIDString = ED2111BE28430C17001D6CAE;
			remoteInfo = DataGym;
		};
		ED2111E328430C1A001D6CAE /* PBXContainerItemProxy */ = {
			isa = PBXContainerItemProxy;
			containerPortal = ED2111B728430C17001D6CAE /* Project object */;
			proxyType = 1;
			remoteGlobalIDString = ED2111BE28430C17001D6CAE;
			remoteInfo = DataGym;
		};
/* End PBXContainerItemProxy section */

/* Begin PBXFileReference section */
		4524034D286205BC00582F9C /* ClassCell.swift */ = {isa = PBXFileReference; lastKnownFileType = sourcecode.swift; path = ClassCell.swift; sourceTree = "<group>"; };
		4589178A286391E400C7096E /* ClassesAddAlunos.storyboard */ = {isa = PBXFileReference; lastKnownFileType = file.storyboard; path = ClassesAddAlunos.storyboard; sourceTree = "<group>"; };
		4589178D28648F6100C7096E /* SheetAddExerc.swift */ = {isa = PBXFileReference; lastKnownFileType = sourcecode.swift; path = SheetAddExerc.swift; sourceTree = "<group>"; };
		4589178F28648F7300C7096E /* SheetAddExerc.storyboard */ = {isa = PBXFileReference; lastKnownFileType = file.storyboard; path = SheetAddExerc.storyboard; sourceTree = "<group>"; };
		4591D9BA28635EE600C86355 /* ClassesAddAlunos.swift */ = {isa = PBXFileReference; lastKnownFileType = sourcecode.swift; path = ClassesAddAlunos.swift; sourceTree = "<group>"; };
		4591D9C228637B4A00C86355 /* AlunosCell.swift */ = {isa = PBXFileReference; lastKnownFileType = sourcecode.swift; path = AlunosCell.swift; sourceTree = "<group>"; };
		D66507462864A6C300558235 /* Students+CoreDataClass.swift */ = {isa = PBXFileReference; lastKnownFileType = sourcecode.swift; path = "Students+CoreDataClass.swift"; sourceTree = "<group>"; };
		D66507472864A6C300558235 /* Students+CoreDataProperties.swift */ = {isa = PBXFileReference; lastKnownFileType = sourcecode.swift; path = "Students+CoreDataProperties.swift"; sourceTree = "<group>"; };
		D665074A2864AE0A00558235 /* StudentExerciseCell.swift */ = {isa = PBXFileReference; lastKnownFileType = sourcecode.swift; path = StudentExerciseCell.swift; sourceTree = "<group>"; };
		D665074B2864AE0A00558235 /* StudentExerciseCell.xib */ = {isa = PBXFileReference; lastKnownFileType = file.xib; path = StudentExerciseCell.xib; sourceTree = "<group>"; };
		D6B6C5C428536ECE00BEB4A5 /* ClassesInitialScreen.storyboard */ = {isa = PBXFileReference; lastKnownFileType = file.storyboard; path = ClassesInitialScreen.storyboard; sourceTree = "<group>"; };
		D6B6C5C628536EF000BEB4A5 /* ClassesInitialScreen.swift */ = {isa = PBXFileReference; lastKnownFileType = sourcecode.swift; path = ClassesInitialScreen.swift; sourceTree = "<group>"; };
		D6B6C5CA285370E500BEB4A5 /* ClassesInfo.swift */ = {isa = PBXFileReference; lastKnownFileType = sourcecode.swift; path = ClassesInfo.swift; sourceTree = "<group>"; };
		D6B6C5CC285370FB00BEB4A5 /* ClassesInfo.storyboard */ = {isa = PBXFileReference; lastKnownFileType = file.storyboard; path = ClassesInfo.storyboard; sourceTree = "<group>"; };
		D6B6C5D1285371C400BEB4A5 /* WorkoutInitialScreen.storyboard */ = {isa = PBXFileReference; lastKnownFileType = file.storyboard; path = WorkoutInitialScreen.storyboard; sourceTree = "<group>"; };
		D6B6C5D3285371D500BEB4A5 /* SheetWorkoutAdd.swift */ = {isa = PBXFileReference; lastKnownFileType = sourcecode.swift; path = SheetWorkoutAdd.swift; sourceTree = "<group>"; };
		D6B6C5D52853721100BEB4A5 /* WorkoutInitialScreen.swift */ = {isa = PBXFileReference; lastKnownFileType = sourcecode.swift; path = WorkoutInitialScreen.swift; sourceTree = "<group>"; };
		D6B6C5E728538D7C00BEB4A5 /* SheetExercInfo.storyboard */ = {isa = PBXFileReference; lastKnownFileType = file.storyboard; path = SheetExercInfo.storyboard; sourceTree = "<group>"; };
		D6B6C5E928538D9300BEB4A5 /* SheetExercInfo.swift */ = {isa = PBXFileReference; lastKnownFileType = sourcecode.swift; path = SheetExercInfo.swift; sourceTree = "<group>"; };
		D6B6C5F028538E8F00BEB4A5 /* WorkoutInfo.swift */ = {isa = PBXFileReference; lastKnownFileType = sourcecode.swift; path = WorkoutInfo.swift; sourceTree = "<group>"; };
		D6B6C5F228538EA000BEB4A5 /* WorkoutInfo.storyboard */ = {isa = PBXFileReference; lastKnownFileType = file.storyboard; path = WorkoutInfo.storyboard; sourceTree = "<group>"; };
		D6B6C5F528538EF700BEB4A5 /* ClassesAddScreens.storyboard */ = {isa = PBXFileReference; lastKnownFileType = file.storyboard; path = ClassesAddScreens.storyboard; sourceTree = "<group>"; };
		D6B6C5F728538F0900BEB4A5 /* ClassesAddScreens.swift */ = {isa = PBXFileReference; lastKnownFileType = sourcecode.swift; path = ClassesAddScreens.swift; sourceTree = "<group>"; };
		D6B6C6002853912600BEB4A5 /* StudentInfo.storyboard */ = {isa = PBXFileReference; lastKnownFileType = file.storyboard; path = StudentInfo.storyboard; sourceTree = "<group>"; };
		D6B6C6022853913A00BEB4A5 /* StudentInfo.swift */ = {isa = PBXFileReference; lastKnownFileType = sourcecode.swift; path = StudentInfo.swift; sourceTree = "<group>"; };
		D6B6C6042853C77100BEB4A5 /* SheetWorkoutAdd.storyboard */ = {isa = PBXFileReference; lastKnownFileType = file.storyboard; path = SheetWorkoutAdd.storyboard; sourceTree = "<group>"; };
		D6D843C82863A9C900773907 /* Exercise+CoreDataClass.swift */ = {isa = PBXFileReference; lastKnownFileType = sourcecode.swift; path = "Exercise+CoreDataClass.swift"; sourceTree = "<group>"; };
		D6D843C92863A9C900773907 /* Exercise+CoreDataProperties.swift */ = {isa = PBXFileReference; lastKnownFileType = sourcecode.swift; path = "Exercise+CoreDataProperties.swift"; sourceTree = "<group>"; };
		D6D843CA2863A9C900773907 /* WorkOut+CoreDataClass.swift */ = {isa = PBXFileReference; lastKnownFileType = sourcecode.swift; path = "WorkOut+CoreDataClass.swift"; sourceTree = "<group>"; };
		D6D843CB2863A9C900773907 /* WorkOut+CoreDataProperties.swift */ = {isa = PBXFileReference; lastKnownFileType = sourcecode.swift; path = "WorkOut+CoreDataProperties.swift"; sourceTree = "<group>"; };
		D6D843CC2863A9C900773907 /* Class+CoreDataClass.swift */ = {isa = PBXFileReference; lastKnownFileType = sourcecode.swift; path = "Class+CoreDataClass.swift"; sourceTree = "<group>"; };
		D6D843CD2863A9C900773907 /* Class+CoreDataProperties.swift */ = {isa = PBXFileReference; lastKnownFileType = sourcecode.swift; path = "Class+CoreDataProperties.swift"; sourceTree = "<group>"; };
		D6E8FD2E28635E15003DA5EC /* WorkoutCell.swift */ = {isa = PBXFileReference; lastKnownFileType = sourcecode.swift; path = WorkoutCell.swift; sourceTree = "<group>"; };
		D6E8FD2F28635E15003DA5EC /* WorkoutCell.xib */ = {isa = PBXFileReference; lastKnownFileType = file.xib; path = WorkoutCell.xib; sourceTree = "<group>"; };
		D6E8FD3228638168003DA5EC /* ExerciseCell.swift */ = {isa = PBXFileReference; lastKnownFileType = sourcecode.swift; path = ExerciseCell.swift; sourceTree = "<group>"; };
		D6E8FD3328638168003DA5EC /* ExerciseCell.xib */ = {isa = PBXFileReference; lastKnownFileType = file.xib; path = ExerciseCell.xib; sourceTree = "<group>"; };
		ED2111BF28430C17001D6CAE /* DataGym.app */ = {isa = PBXFileReference; explicitFileType = wrapper.application; includeInIndex = 0; path = DataGym.app; sourceTree = BUILT_PRODUCTS_DIR; };
		ED2111C228430C17001D6CAE /* AppDelegate.swift */ = {isa = PBXFileReference; lastKnownFileType = sourcecode.swift; path = AppDelegate.swift; sourceTree = "<group>"; };
		ED2111C428430C17001D6CAE /* SceneDelegate.swift */ = {isa = PBXFileReference; lastKnownFileType = sourcecode.swift; path = SceneDelegate.swift; sourceTree = "<group>"; };
		ED2111C928430C17001D6CAE /* Base */ = {isa = PBXFileReference; lastKnownFileType = file.storyboard; name = Base; path = Base.lproj/Main.storyboard; sourceTree = "<group>"; };
		ED2111CC28430C17001D6CAE /* DataGym.xcdatamodel */ = {isa = PBXFileReference; lastKnownFileType = wrapper.xcdatamodel; path = DataGym.xcdatamodel; sourceTree = "<group>"; };
		ED2111CE28430C19001D6CAE /* Assets.xcassets */ = {isa = PBXFileReference; lastKnownFileType = folder.assetcatalog; path = Assets.xcassets; sourceTree = "<group>"; };
		ED2111D128430C19001D6CAE /* Base */ = {isa = PBXFileReference; lastKnownFileType = file.storyboard; name = Base; path = Base.lproj/LaunchScreen.storyboard; sourceTree = "<group>"; };
		ED2111D328430C19001D6CAE /* Info.plist */ = {isa = PBXFileReference; lastKnownFileType = text.plist.xml; path = Info.plist; sourceTree = "<group>"; };
		ED2111D828430C1A001D6CAE /* DataGymTests.xctest */ = {isa = PBXFileReference; explicitFileType = wrapper.cfbundle; includeInIndex = 0; path = DataGymTests.xctest; sourceTree = BUILT_PRODUCTS_DIR; };
		ED2111DC28430C1A001D6CAE /* DataGymTests.swift */ = {isa = PBXFileReference; lastKnownFileType = sourcecode.swift; path = DataGymTests.swift; sourceTree = "<group>"; };
		ED2111E228430C1A001D6CAE /* DataGymUITests.xctest */ = {isa = PBXFileReference; explicitFileType = wrapper.cfbundle; includeInIndex = 0; path = DataGymUITests.xctest; sourceTree = BUILT_PRODUCTS_DIR; };
		ED2111E628430C1A001D6CAE /* DataGymUITests.swift */ = {isa = PBXFileReference; lastKnownFileType = sourcecode.swift; path = DataGymUITests.swift; sourceTree = "<group>"; };
		ED2111E828430C1A001D6CAE /* DataGymUITestsLaunchTests.swift */ = {isa = PBXFileReference; lastKnownFileType = sourcecode.swift; path = DataGymUITestsLaunchTests.swift; sourceTree = "<group>"; };
/* End PBXFileReference section */

/* Begin PBXFrameworksBuildPhase section */
		ED2111BC28430C17001D6CAE /* Frameworks */ = {
			isa = PBXFrameworksBuildPhase;
			buildActionMask = 2147483647;
			files = (
			);
			runOnlyForDeploymentPostprocessing = 0;
		};
		ED2111D528430C1A001D6CAE /* Frameworks */ = {
			isa = PBXFrameworksBuildPhase;
			buildActionMask = 2147483647;
			files = (
			);
			runOnlyForDeploymentPostprocessing = 0;
		};
		ED2111DF28430C1A001D6CAE /* Frameworks */ = {
			isa = PBXFrameworksBuildPhase;
			buildActionMask = 2147483647;
			files = (
			);
			runOnlyForDeploymentPostprocessing = 0;
		};
/* End PBXFrameworksBuildPhase section */

/* Begin PBXGroup section */
		4589178C28648F2C00C7096E /* SheetAddExerc */ = {
			isa = PBXGroup;
			children = (
				4589178D28648F6100C7096E /* SheetAddExerc.swift */,
				4589178F28648F7300C7096E /* SheetAddExerc.storyboard */,
			);
			path = SheetAddExerc;
			sourceTree = "<group>";
		};
		4591D9C028637ADF00C86355 /* ClassesAddAlunos */ = {
			isa = PBXGroup;
			children = (
				4591D9BA28635EE600C86355 /* ClassesAddAlunos.swift */,
				4589178A286391E400C7096E /* ClassesAddAlunos.storyboard */,
			);
			path = ClassesAddAlunos;
			sourceTree = "<group>";
		};
		D6B6C5C328536EA500BEB4A5 /* ClassesFlowScreens */ = {
			isa = PBXGroup;
			children = (
				D6B6C5C9285370BB00BEB4A5 /* ClassesInitialScreens */,
			);
			path = ClassesFlowScreens;
			sourceTree = "<group>";
		};
		D6B6C5C82853701F00BEB4A5 /* Screens */ = {
			isa = PBXGroup;
			children = (
				D6B6C5CE2853715D00BEB4A5 /* WorkoutFlowScreens */,
				D6B6C5C328536EA500BEB4A5 /* ClassesFlowScreens */,
			);
			path = Screens;
			sourceTree = "<group>";
		};
		D6B6C5C9285370BB00BEB4A5 /* ClassesInitialScreens */ = {
			isa = PBXGroup;
			children = (
				4524034D286205BC00582F9C /* ClassCell.swift */,
				D6B6C5C628536EF000BEB4A5 /* ClassesInitialScreen.swift */,
				D6B6C5C428536ECE00BEB4A5 /* ClassesInitialScreen.storyboard */,
				D6B6C5F428538EDF00BEB4A5 /* ClassesAddScreens */,
				D6B6C5F92853908800BEB4A5 /* ClassesInfo */,
			);
			path = ClassesInitialScreens;
			sourceTree = "<group>";
		};
		D6B6C5CE2853715D00BEB4A5 /* WorkoutFlowScreens */ = {
			isa = PBXGroup;
			children = (
				D6B6C5EF28538E6200BEB4A5 /* WorkoutInfoScreen */,
				D6B6C5D02853719D00BEB4A5 /* WorkoutAddScreen */,
				D6B6C5CF2853718A00BEB4A5 /* WorkoutInitialScreen */,
			);
			path = WorkoutFlowScreens;
			sourceTree = "<group>";
		};
		D6B6C5CF2853718A00BEB4A5 /* WorkoutInitialScreen */ = {
			isa = PBXGroup;
			children = (
				D6B6C5D1285371C400BEB4A5 /* WorkoutInitialScreen.storyboard */,
				D6B6C5D52853721100BEB4A5 /* WorkoutInitialScreen.swift */,
				D6E8FD2E28635E15003DA5EC /* WorkoutCell.swift */,
				D6E8FD2F28635E15003DA5EC /* WorkoutCell.xib */,
			);
			path = WorkoutInitialScreen;
			sourceTree = "<group>";
		};
		D6B6C5D02853719D00BEB4A5 /* WorkoutAddScreen */ = {
			isa = PBXGroup;
			children = (
				4589178C28648F2C00C7096E /* SheetAddExerc */,
				D6B6C5E628538CC400BEB4A5 /* SheetExercInfo */,
				D6B6C5E428538C1F00BEB4A5 /* SheetWorkoutAdd */,
			);
			path = WorkoutAddScreen;
			sourceTree = "<group>";
		};
		D6B6C5E428538C1F00BEB4A5 /* SheetWorkoutAdd */ = {
			isa = PBXGroup;
			children = (
				D6B6C5D3285371D500BEB4A5 /* SheetWorkoutAdd.swift */,
				D6B6C6042853C77100BEB4A5 /* SheetWorkoutAdd.storyboard */,
			);
			path = SheetWorkoutAdd;
			sourceTree = "<group>";
		};
		D6B6C5E628538CC400BEB4A5 /* SheetExercInfo */ = {
			isa = PBXGroup;
			children = (
				D6B6C5E728538D7C00BEB4A5 /* SheetExercInfo.storyboard */,
				D6B6C5E928538D9300BEB4A5 /* SheetExercInfo.swift */,
			);
			path = SheetExercInfo;
			sourceTree = "<group>";
		};
		D6B6C5EF28538E6200BEB4A5 /* WorkoutInfoScreen */ = {
			isa = PBXGroup;
			children = (
				D6B6C5F028538E8F00BEB4A5 /* WorkoutInfo.swift */,
				D6B6C5F228538EA000BEB4A5 /* WorkoutInfo.storyboard */,
				D6E8FD3228638168003DA5EC /* ExerciseCell.swift */,
				D6E8FD3328638168003DA5EC /* ExerciseCell.xib */,
			);
			path = WorkoutInfoScreen;
			sourceTree = "<group>";
		};
		D6B6C5F428538EDF00BEB4A5 /* ClassesAddScreens */ = {
			isa = PBXGroup;
			children = (
				D6B6C5F528538EF700BEB4A5 /* ClassesAddScreens.storyboard */,
				D6B6C5F728538F0900BEB4A5 /* ClassesAddScreens.swift */,
				4591D9C028637ADF00C86355 /* ClassesAddAlunos */,
			);
			path = ClassesAddScreens;
			sourceTree = "<group>";
		};
		D6B6C5F92853908800BEB4A5 /* ClassesInfo */ = {
			isa = PBXGroup;
			children = (
				4591D9C228637B4A00C86355 /* AlunosCell.swift */,
				D6B6C5CA285370E500BEB4A5 /* ClassesInfo.swift */,
				D6B6C5CC285370FB00BEB4A5 /* ClassesInfo.storyboard */,
				D6B6C5FB285390E000BEB4A5 /* StudentInfo */,
			);
			path = ClassesInfo;
			sourceTree = "<group>";
		};
		D6B6C5FB285390E000BEB4A5 /* StudentInfo */ = {
			isa = PBXGroup;
			children = (
				D6B6C6002853912600BEB4A5 /* StudentInfo.storyboard */,
				D6B6C6022853913A00BEB4A5 /* StudentInfo.swift */,
				D665074A2864AE0A00558235 /* StudentExerciseCell.swift */,
				D665074B2864AE0A00558235 /* StudentExerciseCell.xib */,
			);
			name = StudentInfo;
			path = ClassesDetailScreens;
			sourceTree = "<group>";
		};
		D6D843BF2863A9A500773907 /* Model */ = {
			isa = PBXGroup;
			children = (
				D66507462864A6C300558235 /* Students+CoreDataClass.swift */,
				D66507472864A6C300558235 /* Students+CoreDataProperties.swift */,
				D6D843C82863A9C900773907 /* Exercise+CoreDataClass.swift */,
				D6D843C92863A9C900773907 /* Exercise+CoreDataProperties.swift */,
				D6D843CA2863A9C900773907 /* WorkOut+CoreDataClass.swift */,
				D6D843CB2863A9C900773907 /* WorkOut+CoreDataProperties.swift */,
				D6D843CC2863A9C900773907 /* Class+CoreDataClass.swift */,
				D6D843CD2863A9C900773907 /* Class+CoreDataProperties.swift */,
			);
			path = Model;
			sourceTree = "<group>";
		};
		ED2111B628430C17001D6CAE = {
			isa = PBXGroup;
			children = (
				ED2111C128430C17001D6CAE /* DataGym */,
				ED2111DB28430C1A001D6CAE /* DataGymTests */,
				ED2111E528430C1A001D6CAE /* DataGymUITests */,
				ED2111C028430C17001D6CAE /* Products */,
			);
			sourceTree = "<group>";
		};
		ED2111C028430C17001D6CAE /* Products */ = {
			isa = PBXGroup;
			children = (
				ED2111BF28430C17001D6CAE /* DataGym.app */,
				ED2111D828430C1A001D6CAE /* DataGymTests.xctest */,
				ED2111E228430C1A001D6CAE /* DataGymUITests.xctest */,
			);
			name = Products;
			sourceTree = "<group>";
		};
		ED2111C128430C17001D6CAE /* DataGym */ = {
			isa = PBXGroup;
			children = (
				D6D843BF2863A9A500773907 /* Model */,
				D6B6C5C82853701F00BEB4A5 /* Screens */,
				ED2111C228430C17001D6CAE /* AppDelegate.swift */,
				ED2111C428430C17001D6CAE /* SceneDelegate.swift */,
				ED2111C828430C17001D6CAE /* Main.storyboard */,
				ED2111CE28430C19001D6CAE /* Assets.xcassets */,
				ED2111D028430C19001D6CAE /* LaunchScreen.storyboard */,
				ED2111D328430C19001D6CAE /* Info.plist */,
				ED2111CB28430C17001D6CAE /* DataGym.xcdatamodeld */,
			);
			path = DataGym;
			sourceTree = "<group>";
		};
		ED2111DB28430C1A001D6CAE /* DataGymTests */ = {
			isa = PBXGroup;
			children = (
				ED2111DC28430C1A001D6CAE /* DataGymTests.swift */,
			);
			path = DataGymTests;
			sourceTree = "<group>";
		};
		ED2111E528430C1A001D6CAE /* DataGymUITests */ = {
			isa = PBXGroup;
			children = (
				ED2111E628430C1A001D6CAE /* DataGymUITests.swift */,
				ED2111E828430C1A001D6CAE /* DataGymUITestsLaunchTests.swift */,
			);
			path = DataGymUITests;
			sourceTree = "<group>";
		};
/* End PBXGroup section */

/* Begin PBXNativeTarget section */
		ED2111BE28430C17001D6CAE /* DataGym */ = {
			isa = PBXNativeTarget;
			buildConfigurationList = ED2111EC28430C1A001D6CAE /* Build configuration list for PBXNativeTarget "DataGym" */;
			buildPhases = (
				EDFFE6642850C6B70016AA59 /* ShellScript */,
				ED2111BB28430C17001D6CAE /* Sources */,
				ED2111BC28430C17001D6CAE /* Frameworks */,
				ED2111BD28430C17001D6CAE /* Resources */,
			);
			buildRules = (
			);
			dependencies = (
			);
			name = DataGym;
			productName = DataGym;
			productReference = ED2111BF28430C17001D6CAE /* DataGym.app */;
			productType = "com.apple.product-type.application";
		};
		ED2111D728430C1A001D6CAE /* DataGymTests */ = {
			isa = PBXNativeTarget;
			buildConfigurationList = ED2111EF28430C1A001D6CAE /* Build configuration list for PBXNativeTarget "DataGymTests" */;
			buildPhases = (
				ED2111D428430C1A001D6CAE /* Sources */,
				ED2111D528430C1A001D6CAE /* Frameworks */,
				ED2111D628430C1A001D6CAE /* Resources */,
			);
			buildRules = (
			);
			dependencies = (
				ED2111DA28430C1A001D6CAE /* PBXTargetDependency */,
			);
			name = DataGymTests;
			productName = DataGymTests;
			productReference = ED2111D828430C1A001D6CAE /* DataGymTests.xctest */;
			productType = "com.apple.product-type.bundle.unit-test";
		};
		ED2111E128430C1A001D6CAE /* DataGymUITests */ = {
			isa = PBXNativeTarget;
			buildConfigurationList = ED2111F228430C1A001D6CAE /* Build configuration list for PBXNativeTarget "DataGymUITests" */;
			buildPhases = (
				ED2111DE28430C1A001D6CAE /* Sources */,
				ED2111DF28430C1A001D6CAE /* Frameworks */,
				ED2111E028430C1A001D6CAE /* Resources */,
			);
			buildRules = (
			);
			dependencies = (
				ED2111E428430C1A001D6CAE /* PBXTargetDependency */,
			);
			name = DataGymUITests;
			productName = DataGymUITests;
			productReference = ED2111E228430C1A001D6CAE /* DataGymUITests.xctest */;
			productType = "com.apple.product-type.bundle.ui-testing";
		};
/* End PBXNativeTarget section */

/* Begin PBXProject section */
		ED2111B728430C17001D6CAE /* Project object */ = {
			isa = PBXProject;
			attributes = {
				BuildIndependentTargetsInParallel = 1;
				LastSwiftUpdateCheck = 1330;
				LastUpgradeCheck = 1330;
				TargetAttributes = {
					ED2111BE28430C17001D6CAE = {
						CreatedOnToolsVersion = 13.3;
					};
					ED2111D728430C1A001D6CAE = {
						CreatedOnToolsVersion = 13.3;
						TestTargetID = ED2111BE28430C17001D6CAE;
					};
					ED2111E128430C1A001D6CAE = {
						CreatedOnToolsVersion = 13.3;
						TestTargetID = ED2111BE28430C17001D6CAE;
					};
				};
			};
			buildConfigurationList = ED2111BA28430C17001D6CAE /* Build configuration list for PBXProject "DataGym" */;
			compatibilityVersion = "Xcode 13.0";
			developmentRegion = en;
			hasScannedForEncodings = 0;
			knownRegions = (
				en,
				Base,
			);
			mainGroup = ED2111B628430C17001D6CAE;
			productRefGroup = ED2111C028430C17001D6CAE /* Products */;
			projectDirPath = "";
			projectRoot = "";
			targets = (
				ED2111BE28430C17001D6CAE /* DataGym */,
				ED2111D728430C1A001D6CAE /* DataGymTests */,
				ED2111E128430C1A001D6CAE /* DataGymUITests */,
			);
		};
/* End PBXProject section */

/* Begin PBXResourcesBuildPhase section */
		ED2111BD28430C17001D6CAE /* Resources */ = {
			isa = PBXResourcesBuildPhase;
			buildActionMask = 2147483647;
			files = (
				D665074E2864B64200558235 /* StudentInfo.storyboard in Resources */,
				ED2111D228430C19001D6CAE /* LaunchScreen.storyboard in Resources */,
				4589178B286391E400C7096E /* ClassesAddAlunos.storyboard in Resources */,
				D6E8FD3528638168003DA5EC /* ExerciseCell.xib in Resources */,
				D6B6C5C528536ECE00BEB4A5 /* ClassesInitialScreen.storyboard in Resources */,
				D6B6C5D2285371C400BEB4A5 /* WorkoutInitialScreen.storyboard in Resources */,
				D6B6C5F628538EF700BEB4A5 /* ClassesAddScreens.storyboard in Resources */,
				D6B6C5E828538D7C00BEB4A5 /* SheetExercInfo.storyboard in Resources */,
				4589179028648F7300C7096E /* SheetAddExerc.storyboard in Resources */,
				D6B6C5CD285370FB00BEB4A5 /* ClassesInfo.storyboard in Resources */,
				D6B6C5F328538EA000BEB4A5 /* WorkoutInfo.storyboard in Resources */,
				ED2111CF28430C19001D6CAE /* Assets.xcassets in Resources */,
				D665074D2864AE0A00558235 /* StudentExerciseCell.xib in Resources */,
				D6E8FD3128635E15003DA5EC /* WorkoutCell.xib in Resources */,
				ED2111CA28430C17001D6CAE /* Main.storyboard in Resources */,
				D6B6C6052853C77100BEB4A5 /* SheetWorkoutAdd.storyboard in Resources */,
			);
			runOnlyForDeploymentPostprocessing = 0;
		};
		ED2111D628430C1A001D6CAE /* Resources */ = {
			isa = PBXResourcesBuildPhase;
			buildActionMask = 2147483647;
			files = (
			);
			runOnlyForDeploymentPostprocessing = 0;
		};
		ED2111E028430C1A001D6CAE /* Resources */ = {
			isa = PBXResourcesBuildPhase;
			buildActionMask = 2147483647;
			files = (
			);
			runOnlyForDeploymentPostprocessing = 0;
		};
/* End PBXResourcesBuildPhase section */

/* Begin PBXShellScriptBuildPhase section */
		EDFFE6642850C6B70016AA59 /* ShellScript */ = {
			isa = PBXShellScriptBuildPhase;
			buildActionMask = 2147483647;
			files = (
			);
			inputFileListPaths = (
			);
			inputPaths = (
			);
			outputFileListPaths = (
			);
			outputPaths = (
			);
			runOnlyForDeploymentPostprocessing = 0;
			shellPath = /bin/sh;
			shellScript = "export PATH=\"$PATH:/opt/homebrew/bin\"\nif which swiftlint >/dev/null; then\nswiftlint\nelse\necho \"warning: Swiftlint not installed, download from https://github.com/realm/SwiftLint\"\nfi\n";
		};
/* End PBXShellScriptBuildPhase section */

/* Begin PBXSourcesBuildPhase section */
		ED2111BB28430C17001D6CAE /* Sources */ = {
			isa = PBXSourcesBuildPhase;
			buildActionMask = 2147483647;
			files = (
				D6B6C5CB285370E500BEB4A5 /* ClassesInfo.swift in Sources */,
				ED2111C328430C17001D6CAE /* AppDelegate.swift in Sources */,
				D6B6C5FF2853911000BEB4A5 /* AddStudent.swift in Sources */,
				D6E8FD3028635E15003DA5EC /* WorkoutCell.swift in Sources */,
				D6E8FD3428638168003DA5EC /* ExerciseCell.swift in Sources */,
				D6D843CE2863A9C900773907 /* Exercise+CoreDataClass.swift in Sources */,
				4589178E28648F6100C7096E /* SheetAddExerc.swift in Sources */,
				D6D843D22863A9C900773907 /* Class+CoreDataClass.swift in Sources */,
				D6B6C5CB285370E500BEB4A5 /* ClassesInfo.swift in Sources */,
				D66507482864A6C300558235 /* Students+CoreDataClass.swift in Sources */,
				ED2111C328430C17001D6CAE /* AppDelegate.swift in Sources */,
				D66507492864A6C300558235 /* Students+CoreDataProperties.swift in Sources */,
				D6B6C5C728536EF000BEB4A5 /* ClassesInitialScreen.swift in Sources */,
				D665074C2864AE0A00558235 /* StudentExerciseCell.swift in Sources */,
				D6D843D02863A9C900773907 /* WorkOut+CoreDataClass.swift in Sources */,
				D6D843D32863A9C900773907 /* Class+CoreDataProperties.swift in Sources */,
				D6B6C6032853913A00BEB4A5 /* StudentInfo.swift in Sources */,
				D6B6C5F828538F0900BEB4A5 /* ClassesAddScreens.swift in Sources */,
				4591D9C328637B4A00C86355 /* AlunosCell.swift in Sources */,
				D6B6C5D62853721100BEB4A5 /* WorkoutInitialScreen.swift in Sources */,
				4591D9BB28635EE600C86355 /* ClassesAddAlunos.swift in Sources */,
				D6B6C5EA28538D9300BEB4A5 /* SheetExercInfo.swift in Sources */,
				4524034E286205BC00582F9C /* ClassCell.swift in Sources */,
				ED2111C528430C17001D6CAE /* SceneDelegate.swift in Sources */,
				D6B6C5F128538E8F00BEB4A5 /* WorkoutInfo.swift in Sources */,
				D6D843D12863A9C900773907 /* WorkOut+CoreDataProperties.swift in Sources */,
				D6D843CF2863A9C900773907 /* Exercise+CoreDataProperties.swift in Sources */,
				ED2111CD28430C17001D6CAE /* DataGym.xcdatamodeld in Sources */,
				D6B6C5D4285371D500BEB4A5 /* SheetWorkoutAdd.swift in Sources */,
			);
			runOnlyForDeploymentPostprocessing = 0;
		};
		ED2111D428430C1A001D6CAE /* Sources */ = {
			isa = PBXSourcesBuildPhase;
			buildActionMask = 2147483647;
			files = (
				ED2111DD28430C1A001D6CAE /* DataGymTests.swift in Sources */,
			);
			runOnlyForDeploymentPostprocessing = 0;
		};
		ED2111DE28430C1A001D6CAE /* Sources */ = {
			isa = PBXSourcesBuildPhase;
			buildActionMask = 2147483647;
			files = (
				ED2111E928430C1A001D6CAE /* DataGymUITestsLaunchTests.swift in Sources */,
				ED2111E728430C1A001D6CAE /* DataGymUITests.swift in Sources */,
			);
			runOnlyForDeploymentPostprocessing = 0;
		};
/* End PBXSourcesBuildPhase section */

/* Begin PBXTargetDependency section */
		ED2111DA28430C1A001D6CAE /* PBXTargetDependency */ = {
			isa = PBXTargetDependency;
			target = ED2111BE28430C17001D6CAE /* DataGym */;
			targetProxy = ED2111D928430C1A001D6CAE /* PBXContainerItemProxy */;
		};
		ED2111E428430C1A001D6CAE /* PBXTargetDependency */ = {
			isa = PBXTargetDependency;
			target = ED2111BE28430C17001D6CAE /* DataGym */;
			targetProxy = ED2111E328430C1A001D6CAE /* PBXContainerItemProxy */;
		};
/* End PBXTargetDependency section */

/* Begin PBXVariantGroup section */
		ED2111C828430C17001D6CAE /* Main.storyboard */ = {
			isa = PBXVariantGroup;
			children = (
				ED2111C928430C17001D6CAE /* Base */,
			);
			name = Main.storyboard;
			sourceTree = "<group>";
			usesTabs = 0;
		};
		ED2111D028430C19001D6CAE /* LaunchScreen.storyboard */ = {
			isa = PBXVariantGroup;
			children = (
				ED2111D128430C19001D6CAE /* Base */,
			);
			name = LaunchScreen.storyboard;
			sourceTree = "<group>";
		};
/* End PBXVariantGroup section */

/* Begin XCBuildConfiguration section */
		ED2111EA28430C1A001D6CAE /* Debug */ = {
			isa = XCBuildConfiguration;
			buildSettings = {
				ALWAYS_SEARCH_USER_PATHS = NO;
				CLANG_ANALYZER_NONNULL = YES;
				CLANG_ANALYZER_NUMBER_OBJECT_CONVERSION = YES_AGGRESSIVE;
				CLANG_CXX_LANGUAGE_STANDARD = "gnu++17";
				CLANG_ENABLE_MODULES = YES;
				CLANG_ENABLE_OBJC_ARC = YES;
				CLANG_ENABLE_OBJC_WEAK = YES;
				CLANG_WARN_BLOCK_CAPTURE_AUTORELEASING = YES;
				CLANG_WARN_BOOL_CONVERSION = YES;
				CLANG_WARN_COMMA = YES;
				CLANG_WARN_CONSTANT_CONVERSION = YES;
				CLANG_WARN_DEPRECATED_OBJC_IMPLEMENTATIONS = YES;
				CLANG_WARN_DIRECT_OBJC_ISA_USAGE = YES_ERROR;
				CLANG_WARN_DOCUMENTATION_COMMENTS = YES;
				CLANG_WARN_EMPTY_BODY = YES;
				CLANG_WARN_ENUM_CONVERSION = YES;
				CLANG_WARN_INFINITE_RECURSION = YES;
				CLANG_WARN_INT_CONVERSION = YES;
				CLANG_WARN_NON_LITERAL_NULL_CONVERSION = YES;
				CLANG_WARN_OBJC_IMPLICIT_RETAIN_SELF = YES;
				CLANG_WARN_OBJC_LITERAL_CONVERSION = YES;
				CLANG_WARN_OBJC_ROOT_CLASS = YES_ERROR;
				CLANG_WARN_QUOTED_INCLUDE_IN_FRAMEWORK_HEADER = YES;
				CLANG_WARN_RANGE_LOOP_ANALYSIS = YES;
				CLANG_WARN_STRICT_PROTOTYPES = YES;
				CLANG_WARN_SUSPICIOUS_MOVE = YES;
				CLANG_WARN_UNGUARDED_AVAILABILITY = YES_AGGRESSIVE;
				CLANG_WARN_UNREACHABLE_CODE = YES;
				CLANG_WARN__DUPLICATE_METHOD_MATCH = YES;
				COPY_PHASE_STRIP = NO;
				DEBUG_INFORMATION_FORMAT = dwarf;
				ENABLE_STRICT_OBJC_MSGSEND = YES;
				ENABLE_TESTABILITY = YES;
				GCC_C_LANGUAGE_STANDARD = gnu11;
				GCC_DYNAMIC_NO_PIC = NO;
				GCC_NO_COMMON_BLOCKS = YES;
				GCC_OPTIMIZATION_LEVEL = 0;
				GCC_PREPROCESSOR_DEFINITIONS = (
					"DEBUG=1",
					"$(inherited)",
				);
				GCC_WARN_64_TO_32_BIT_CONVERSION = YES;
				GCC_WARN_ABOUT_RETURN_TYPE = YES_ERROR;
				GCC_WARN_UNDECLARED_SELECTOR = YES;
				GCC_WARN_UNINITIALIZED_AUTOS = YES_AGGRESSIVE;
				GCC_WARN_UNUSED_FUNCTION = YES;
				GCC_WARN_UNUSED_VARIABLE = YES;
				IPHONEOS_DEPLOYMENT_TARGET = 15.4;
				MTL_ENABLE_DEBUG_INFO = INCLUDE_SOURCE;
				MTL_FAST_MATH = YES;
				ONLY_ACTIVE_ARCH = YES;
				SDKROOT = iphoneos;
				SWIFT_ACTIVE_COMPILATION_CONDITIONS = DEBUG;
				SWIFT_OPTIMIZATION_LEVEL = "-Onone";
			};
			name = Debug;
		};
		ED2111EB28430C1A001D6CAE /* Release */ = {
			isa = XCBuildConfiguration;
			buildSettings = {
				ALWAYS_SEARCH_USER_PATHS = NO;
				CLANG_ANALYZER_NONNULL = YES;
				CLANG_ANALYZER_NUMBER_OBJECT_CONVERSION = YES_AGGRESSIVE;
				CLANG_CXX_LANGUAGE_STANDARD = "gnu++17";
				CLANG_ENABLE_MODULES = YES;
				CLANG_ENABLE_OBJC_ARC = YES;
				CLANG_ENABLE_OBJC_WEAK = YES;
				CLANG_WARN_BLOCK_CAPTURE_AUTORELEASING = YES;
				CLANG_WARN_BOOL_CONVERSION = YES;
				CLANG_WARN_COMMA = YES;
				CLANG_WARN_CONSTANT_CONVERSION = YES;
				CLANG_WARN_DEPRECATED_OBJC_IMPLEMENTATIONS = YES;
				CLANG_WARN_DIRECT_OBJC_ISA_USAGE = YES_ERROR;
				CLANG_WARN_DOCUMENTATION_COMMENTS = YES;
				CLANG_WARN_EMPTY_BODY = YES;
				CLANG_WARN_ENUM_CONVERSION = YES;
				CLANG_WARN_INFINITE_RECURSION = YES;
				CLANG_WARN_INT_CONVERSION = YES;
				CLANG_WARN_NON_LITERAL_NULL_CONVERSION = YES;
				CLANG_WARN_OBJC_IMPLICIT_RETAIN_SELF = YES;
				CLANG_WARN_OBJC_LITERAL_CONVERSION = YES;
				CLANG_WARN_OBJC_ROOT_CLASS = YES_ERROR;
				CLANG_WARN_QUOTED_INCLUDE_IN_FRAMEWORK_HEADER = YES;
				CLANG_WARN_RANGE_LOOP_ANALYSIS = YES;
				CLANG_WARN_STRICT_PROTOTYPES = YES;
				CLANG_WARN_SUSPICIOUS_MOVE = YES;
				CLANG_WARN_UNGUARDED_AVAILABILITY = YES_AGGRESSIVE;
				CLANG_WARN_UNREACHABLE_CODE = YES;
				CLANG_WARN__DUPLICATE_METHOD_MATCH = YES;
				COPY_PHASE_STRIP = NO;
				DEBUG_INFORMATION_FORMAT = "dwarf-with-dsym";
				ENABLE_NS_ASSERTIONS = NO;
				ENABLE_STRICT_OBJC_MSGSEND = YES;
				GCC_C_LANGUAGE_STANDARD = gnu11;
				GCC_NO_COMMON_BLOCKS = YES;
				GCC_WARN_64_TO_32_BIT_CONVERSION = YES;
				GCC_WARN_ABOUT_RETURN_TYPE = YES_ERROR;
				GCC_WARN_UNDECLARED_SELECTOR = YES;
				GCC_WARN_UNINITIALIZED_AUTOS = YES_AGGRESSIVE;
				GCC_WARN_UNUSED_FUNCTION = YES;
				GCC_WARN_UNUSED_VARIABLE = YES;
				IPHONEOS_DEPLOYMENT_TARGET = 15.4;
				MTL_ENABLE_DEBUG_INFO = NO;
				MTL_FAST_MATH = YES;
				SDKROOT = iphoneos;
				SWIFT_COMPILATION_MODE = wholemodule;
				SWIFT_OPTIMIZATION_LEVEL = "-O";
				VALIDATE_PRODUCT = YES;
			};
			name = Release;
		};
		ED2111ED28430C1A001D6CAE /* Debug */ = {
			isa = XCBuildConfiguration;
			buildSettings = {
				ASSETCATALOG_COMPILER_APPICON_NAME = AppIcon;
				ASSETCATALOG_COMPILER_GLOBAL_ACCENT_COLOR_NAME = AccentColor;
				CODE_SIGN_STYLE = Automatic;
				CURRENT_PROJECT_VERSION = 1;
				DEVELOPMENT_TEAM = G86S93KJZK;
				GENERATE_INFOPLIST_FILE = YES;
				INFOPLIST_FILE = DataGym/Info.plist;
				INFOPLIST_KEY_UIApplicationSupportsIndirectInputEvents = YES;
				INFOPLIST_KEY_UILaunchStoryboardName = LaunchScreen;
				INFOPLIST_KEY_UIMainStoryboardFile = Main;
				INFOPLIST_KEY_UISupportedInterfaceOrientations_iPad = "UIInterfaceOrientationPortrait UIInterfaceOrientationPortraitUpsideDown UIInterfaceOrientationLandscapeLeft UIInterfaceOrientationLandscapeRight";
				INFOPLIST_KEY_UISupportedInterfaceOrientations_iPhone = "UIInterfaceOrientationPortrait UIInterfaceOrientationLandscapeLeft UIInterfaceOrientationLandscapeRight";
				LD_RUNPATH_SEARCH_PATHS = (
					"$(inherited)",
					"@executable_path/Frameworks",
				);
				MARKETING_VERSION = 1.0;
				PRODUCT_BUNDLE_IDENTIFIER = com.christianpaulo.DataGym;
				PRODUCT_NAME = "$(TARGET_NAME)";
				SWIFT_EMIT_LOC_STRINGS = YES;
				SWIFT_VERSION = 5.0;
				TARGETED_DEVICE_FAMILY = "1,2";
			};
			name = Debug;
		};
		ED2111EE28430C1A001D6CAE /* Release */ = {
			isa = XCBuildConfiguration;
			buildSettings = {
				ASSETCATALOG_COMPILER_APPICON_NAME = AppIcon;
				ASSETCATALOG_COMPILER_GLOBAL_ACCENT_COLOR_NAME = AccentColor;
				CODE_SIGN_STYLE = Automatic;
				CURRENT_PROJECT_VERSION = 1;
				DEVELOPMENT_TEAM = G86S93KJZK;
				GENERATE_INFOPLIST_FILE = YES;
				INFOPLIST_FILE = DataGym/Info.plist;
				INFOPLIST_KEY_UIApplicationSupportsIndirectInputEvents = YES;
				INFOPLIST_KEY_UILaunchStoryboardName = LaunchScreen;
				INFOPLIST_KEY_UIMainStoryboardFile = Main;
				INFOPLIST_KEY_UISupportedInterfaceOrientations_iPad = "UIInterfaceOrientationPortrait UIInterfaceOrientationPortraitUpsideDown UIInterfaceOrientationLandscapeLeft UIInterfaceOrientationLandscapeRight";
				INFOPLIST_KEY_UISupportedInterfaceOrientations_iPhone = "UIInterfaceOrientationPortrait UIInterfaceOrientationLandscapeLeft UIInterfaceOrientationLandscapeRight";
				LD_RUNPATH_SEARCH_PATHS = (
					"$(inherited)",
					"@executable_path/Frameworks",
				);
				MARKETING_VERSION = 1.0;
				PRODUCT_BUNDLE_IDENTIFIER = com.christianpaulo.DataGym;
				PRODUCT_NAME = "$(TARGET_NAME)";
				SWIFT_EMIT_LOC_STRINGS = YES;
				SWIFT_VERSION = 5.0;
				TARGETED_DEVICE_FAMILY = "1,2";
			};
			name = Release;
		};
		ED2111F028430C1A001D6CAE /* Debug */ = {
			isa = XCBuildConfiguration;
			buildSettings = {
				ALWAYS_EMBED_SWIFT_STANDARD_LIBRARIES = YES;
				BUNDLE_LOADER = "$(TEST_HOST)";
				CODE_SIGN_STYLE = Automatic;
				CURRENT_PROJECT_VERSION = 1;
				DEVELOPMENT_TEAM = JYTUW4QXB6;
				GENERATE_INFOPLIST_FILE = YES;
				IPHONEOS_DEPLOYMENT_TARGET = 15.4;
				MARKETING_VERSION = 1.0;
				PRODUCT_BUNDLE_IDENTIFIER = com.christianpaulo.DataGymTests;
				PRODUCT_NAME = "$(TARGET_NAME)";
				SWIFT_EMIT_LOC_STRINGS = NO;
				SWIFT_VERSION = 5.0;
				TARGETED_DEVICE_FAMILY = "1,2";
				TEST_HOST = "$(BUILT_PRODUCTS_DIR)/DataGym.app/DataGym";
			};
			name = Debug;
		};
		ED2111F128430C1A001D6CAE /* Release */ = {
			isa = XCBuildConfiguration;
			buildSettings = {
				ALWAYS_EMBED_SWIFT_STANDARD_LIBRARIES = YES;
				BUNDLE_LOADER = "$(TEST_HOST)";
				CODE_SIGN_STYLE = Automatic;
				CURRENT_PROJECT_VERSION = 1;
				DEVELOPMENT_TEAM = JYTUW4QXB6;
				GENERATE_INFOPLIST_FILE = YES;
				IPHONEOS_DEPLOYMENT_TARGET = 15.4;
				MARKETING_VERSION = 1.0;
				PRODUCT_BUNDLE_IDENTIFIER = com.christianpaulo.DataGymTests;
				PRODUCT_NAME = "$(TARGET_NAME)";
				SWIFT_EMIT_LOC_STRINGS = NO;
				SWIFT_VERSION = 5.0;
				TARGETED_DEVICE_FAMILY = "1,2";
				TEST_HOST = "$(BUILT_PRODUCTS_DIR)/DataGym.app/DataGym";
			};
			name = Release;
		};
		ED2111F328430C1A001D6CAE /* Debug */ = {
			isa = XCBuildConfiguration;
			buildSettings = {
				ALWAYS_EMBED_SWIFT_STANDARD_LIBRARIES = YES;
				CODE_SIGN_STYLE = Automatic;
				CURRENT_PROJECT_VERSION = 1;
				DEVELOPMENT_TEAM = JYTUW4QXB6;
				GENERATE_INFOPLIST_FILE = YES;
				MARKETING_VERSION = 1.0;
				PRODUCT_BUNDLE_IDENTIFIER = com.christianpaulo.DataGymUITests;
				PRODUCT_NAME = "$(TARGET_NAME)";
				SWIFT_EMIT_LOC_STRINGS = NO;
				SWIFT_VERSION = 5.0;
				TARGETED_DEVICE_FAMILY = "1,2";
				TEST_TARGET_NAME = DataGym;
			};
			name = Debug;
		};
		ED2111F428430C1A001D6CAE /* Release */ = {
			isa = XCBuildConfiguration;
			buildSettings = {
				ALWAYS_EMBED_SWIFT_STANDARD_LIBRARIES = YES;
				CODE_SIGN_STYLE = Automatic;
				CURRENT_PROJECT_VERSION = 1;
				DEVELOPMENT_TEAM = JYTUW4QXB6;
				GENERATE_INFOPLIST_FILE = YES;
				MARKETING_VERSION = 1.0;
				PRODUCT_BUNDLE_IDENTIFIER = com.christianpaulo.DataGymUITests;
				PRODUCT_NAME = "$(TARGET_NAME)";
				SWIFT_EMIT_LOC_STRINGS = NO;
				SWIFT_VERSION = 5.0;
				TARGETED_DEVICE_FAMILY = "1,2";
				TEST_TARGET_NAME = DataGym;
			};
			name = Release;
		};
/* End XCBuildConfiguration section */

/* Begin XCConfigurationList section */
		ED2111BA28430C17001D6CAE /* Build configuration list for PBXProject "DataGym" */ = {
			isa = XCConfigurationList;
			buildConfigurations = (
				ED2111EA28430C1A001D6CAE /* Debug */,
				ED2111EB28430C1A001D6CAE /* Release */,
			);
			defaultConfigurationIsVisible = 0;
			defaultConfigurationName = Release;
		};
		ED2111EC28430C1A001D6CAE /* Build configuration list for PBXNativeTarget "DataGym" */ = {
			isa = XCConfigurationList;
			buildConfigurations = (
				ED2111ED28430C1A001D6CAE /* Debug */,
				ED2111EE28430C1A001D6CAE /* Release */,
			);
			defaultConfigurationIsVisible = 0;
			defaultConfigurationName = Release;
		};
		ED2111EF28430C1A001D6CAE /* Build configuration list for PBXNativeTarget "DataGymTests" */ = {
			isa = XCConfigurationList;
			buildConfigurations = (
				ED2111F028430C1A001D6CAE /* Debug */,
				ED2111F128430C1A001D6CAE /* Release */,
			);
			defaultConfigurationIsVisible = 0;
			defaultConfigurationName = Release;
		};
		ED2111F228430C1A001D6CAE /* Build configuration list for PBXNativeTarget "DataGymUITests" */ = {
			isa = XCConfigurationList;
			buildConfigurations = (
				ED2111F328430C1A001D6CAE /* Debug */,
				ED2111F428430C1A001D6CAE /* Release */,
			);
			defaultConfigurationIsVisible = 0;
			defaultConfigurationName = Release;
		};
/* End XCConfigurationList section */

/* Begin XCVersionGroup section */
		ED2111CB28430C17001D6CAE /* DataGym.xcdatamodeld */ = {
			isa = XCVersionGroup;
			children = (
				ED2111CC28430C17001D6CAE /* DataGym.xcdatamodel */,
			);
			currentVersion = ED2111CC28430C17001D6CAE /* DataGym.xcdatamodel */;
			path = DataGym.xcdatamodeld;
			sourceTree = "<group>";
			usesTabs = 0;
			versionGroupType = wrapper.xcdatamodel;
		};
/* End XCVersionGroup section */
	};
	rootObject = ED2111B728430C17001D6CAE /* Project object */;
}
